<Solution>
  <Folder Name="/reader/">
    <Project Path="reader/RiftReader.DebugFixture/RiftReader.DebugFixture.csproj" />
    <Project Path="reader/RiftReader.Reader/RiftReader.Reader.csproj" />
    <Project Path="reader/RiftReader.Reader.Tests/RiftReader.Reader.Tests.csproj" />
  </Folder>
</Solution>
